// !$*UTF8*$!
{
	archiveVersion = 1;
	classes = {
	};
	objectVersion = 77;
	objects = {

/* Begin PBXBuildFile section */
		006EE82203EA20BFD766AED4 /* SecureTokenStore.swift in Sources */ = {isa = PBXBuildFile; fileRef = 988830AEFB53ACDEFFA4DC03 /* SecureTokenStore.swift */; };
		5161795146F4501FEDB29992 /* LinoFinanceV2Widgets.appex in Embed App Extensions */ = {isa = PBXBuildFile; fileRef = 4AC098380468320F19EB2E2D /* LinoFinanceV2Widgets.appex */; settings = {ATTRIBUTES = (RemoveHeadersOnCopy, ); }; };
		540C6547DE3CF47347AA1C9A /* Formatters.swift in Sources */ = {isa = PBXBuildFile; fileRef = 749E1D7750E3877EFACCF948 /* Formatters.swift */; };
		71609AF8A3EDE8666E187AC5 /* FinanceRepository.swift in Sources */ = {isa = PBXBuildFile; fileRef = F0BD393FA536EA34FD7CEDA2 /* FinanceRepository.swift */; };
		9A3806DAA61BD371BB5FE0F1 /* APIRequests.swift in Sources */ = {isa = PBXBuildFile; fileRef = 112F0BFE6CCABBA4A01723D3 /* APIRequests.swift */; };
		A20000000000000000000012 /* LinoFinanceWidgets.appex in Embed App Extensions */ = {isa = PBXBuildFile; fileRef = A30000000000000000000001 /* LinoFinanceWidgets.appex */; settings = {ATTRIBUTES = (RemoveHeadersOnCopy, ); }; };
		C865D7B5B7B28A5C3E437778 /* LinoAPIClient.swift in Sources */ = {isa = PBXBuildFile; fileRef = 09FFF53905D7F95F6C59D64A /* LinoAPIClient.swift */; };
		DA0BB764578E4E966BE74CE0 /* APIDTOs.swift in Sources */ = {isa = PBXBuildFile; fileRef = 5CBB33142F2B82AABF2BBFC5 /* APIDTOs.swift */; };
/* End PBXBuildFile section */

/* Begin PBXContainerItemProxy section */
		9F7805DCD8520204054CA6C5 /* PBXContainerItemProxy */ = {
			isa = PBXContainerItemProxy;
			containerPortal = A10000000000000000000009 /* Project object */;
			proxyType = 1;
			remoteGlobalIDString = 3DECA756E79E93B0B98A07A7;
			remoteInfo = LinoFinanceV2Widgets;
		};
		A20000000000000000000011 /* PBXContainerItemProxy */ = {
			isa = PBXContainerItemProxy;
			containerPortal = A10000000000000000000009 /* Project object */;
			proxyType = 1;
			remoteGlobalIDString = A30000000000000000000006;
			remoteInfo = LinoFinanceWidgets;
		};
/* End PBXContainerItemProxy section */

/* Begin PBXCopyFilesBuildPhase section */
		A20000000000000000000009 /* Embed App Extensions */ = {
			isa = PBXCopyFilesBuildPhase;
			buildActionMask = 2147483647;
			dstPath = "";
			dstSubfolderSpec = 13;
			files = (
				A20000000000000000000012 /* LinoFinanceWidgets.appex in Embed App Extensions */,
			);
			name = "Embed App Extensions";
			runOnlyForDeploymentPostprocessing = 0;
		};
		FA738163AAF8008CFD43C59C /* Embed App Extensions */ = {
			isa = PBXCopyFilesBuildPhase;
			buildActionMask = 2147483647;
			dstPath = "";
			dstSubfolderSpec = 13;
			files = (
				5161795146F4501FEDB29992 /* LinoFinanceV2Widgets.appex in Embed App Extensions */,
			);
			name = "Embed App Extensions";
			runOnlyForDeploymentPostprocessing = 0;
		};
/* End PBXCopyFilesBuildPhase section */

/* Begin PBXFileReference section */
		09FFF53905D7F95F6C59D64A /* LinoAPIClient.swift */ = {isa = PBXFileReference; includeInIndex = 1; lastKnownFileType = sourcecode.swift; path = LinoFinance/Core/Services/LinoAPIClient.swift; sourceTree = SOURCE_ROOT; };
		112F0BFE6CCABBA4A01723D3 /* APIRequests.swift */ = {isa = PBXFileReference; includeInIndex = 1; lastKnownFileType = sourcecode.swift; path = LinoFinance/Core/Models/APIRequests.swift; sourceTree = SOURCE_ROOT; };
		4AC098380468320F19EB2E2D /* LinoFinanceV2Widgets.appex */ = {isa = PBXFileReference; explicitFileType = "wrapper.app-extension"; includeInIndex = 0; path = LinoFinanceV2Widgets.appex; sourceTree = BUILT_PRODUCTS_DIR; };
		5CBB33142F2B82AABF2BBFC5 /* APIDTOs.swift */ = {isa = PBXFileReference; includeInIndex = 1; lastKnownFileType = sourcecode.swift; path = LinoFinance/Core/Models/APIDTOs.swift; sourceTree = SOURCE_ROOT; };
		749E1D7750E3877EFACCF948 /* Formatters.swift */ = {isa = PBXFileReference; includeInIndex = 1; lastKnownFileType = sourcecode.swift; path = LinoFinance/Core/Utilities/Formatters.swift; sourceTree = SOURCE_ROOT; };
		988830AEFB53ACDEFFA4DC03 /* SecureTokenStore.swift */ = {isa = PBXFileReference; includeInIndex = 1; lastKnownFileType = sourcecode.swift; path = LinoFinance/Core/Services/SecureTokenStore.swift; sourceTree = SOURCE_ROOT; };
		A08B9A715C3881314BD11238 /* LinoF2.app */ = {isa = PBXFileReference; explicitFileType = wrapper.application; includeInIndex = 0; path = LinoF2.app; sourceTree = BUILT_PRODUCTS_DIR; };
		A10000000000000000000001 /* LinoF.app */ = {isa = PBXFileReference; explicitFileType = wrapper.application; includeInIndex = 0; path = LinoF.app; sourceTree = BUILT_PRODUCTS_DIR; };
		A20000000000000000000001 /* LinoF.app */ = {isa = PBXFileReference; explicitFileType = wrapper.application; includeInIndex = 0; path = LinoF.app; sourceTree = BUILT_PRODUCTS_DIR; };
		A30000000000000000000001 /* LinoFinanceWidgets.appex */ = {isa = PBXFileReference; explicitFileType = "wrapper.app-extension"; includeInIndex = 0; path = LinoFinanceWidgets.appex; sourceTree = BUILT_PRODUCTS_DIR; };
		F0BD393FA536EA34FD7CEDA2 /* FinanceRepository.swift */ = {isa = PBXFileReference; includeInIndex = 1; lastKnownFileType = sourcecode.swift; path = LinoFinance/Core/Repositories/FinanceRepository.swift; sourceTree = SOURCE_ROOT; };
/* End PBXFileReference section */

/* Begin PBXFileSystemSynchronizedBuildFileExceptionSet section */
		9E232A1052F94E6BC4A3E023 /* Exceptions for "LinoFinanceV2Widgets" folder in "LinoFinanceV2Widgets" target */ = {
			isa = PBXFileSystemSynchronizedBuildFileExceptionSet;
			membershipExceptions = (
				Info.plist,
			);
			target = 3DECA756E79E93B0B98A07A7 /* LinoFinanceV2Widgets */;
		};
		A30000000000000000000014 /* Exceptions for "LinoFinanceWidgets" folder in "LinoFinanceWidgets" target */ = {
			isa = PBXFileSystemSynchronizedBuildFileExceptionSet;
			membershipExceptions = (
				Info.plist,
			);
			target = A30000000000000000000006 /* LinoFinanceWidgets */;
		};
/* End PBXFileSystemSynchronizedBuildFileExceptionSet section */

/* Begin PBXFileSystemSynchronizedRootGroup section */
		275FB34B251E211223E677BF /* LinoFinanceV2 */ = {
			isa = PBXFileSystemSynchronizedRootGroup;
			exceptions = (
			);
			path = LinoFinanceV2;
			sourceTree = "<group>";
		};
		70B4953FF3A1BF654F46AABC /* LinoFinanceV2Widgets */ = {
			isa = PBXFileSystemSynchronizedRootGroup;
			exceptions = (
				9E232A1052F94E6BC4A3E023 /* Exceptions for "LinoFinanceV2Widgets" folder in "LinoFinanceV2Widgets" target */,
			);
			path = LinoFinanceV2Widgets;
			sourceTree = "<group>";
		};
		A10000000000000000000002 /* LinoFinance */ = {
			isa = PBXFileSystemSynchronizedRootGroup;
			exceptions = (
			);
			path = LinoFinance;
			sourceTree = "<group>";
		};
		A30000000000000000000002 /* LinoFinanceWidgets */ = {
			isa = PBXFileSystemSynchronizedRootGroup;
			exceptions = (
				A30000000000000000000014 /* Exceptions for "LinoFinanceWidgets" folder in "LinoFinanceWidgets" target */,
			);
			path = LinoFinanceWidgets;
			sourceTree = "<group>";
		};
/* End PBXFileSystemSynchronizedRootGroup section */

/* Begin PBXFrameworksBuildPhase section */
		348DC8E07B018DDC1C0A7C46 /* Frameworks */ = {
			isa = PBXFrameworksBuildPhase;
			buildActionMask = 2147483647;
			files = (
			);
			runOnlyForDeploymentPostprocessing = 0;
		};
		A10000000000000000000003 /* Frameworks */ = {
			isa = PBXFrameworksBuildPhase;
			buildActionMask = 2147483647;
			files = (
			);
			runOnlyForDeploymentPostprocessing = 0;
		};
		A20000000000000000000003 /* Frameworks */ = {
			isa = PBXFrameworksBuildPhase;
			buildActionMask = 2147483647;
			files = (
			);
			runOnlyForDeploymentPostprocessing = 0;
		};
		A30000000000000000000003 /* Frameworks */ = {
			isa = PBXFrameworksBuildPhase;
			buildActionMask = 2147483647;
			files = (
			);
			runOnlyForDeploymentPostprocessing = 0;
		};
		AC2844E40ABC0E591F9F424A /* Frameworks */ = {
			isa = PBXFrameworksBuildPhase;
			buildActionMask = 2147483647;
			files = (
			);
			runOnlyForDeploymentPostprocessing = 0;
		};
/* End PBXFrameworksBuildPhase section */

/* Begin PBXGroup section */
		94E6BAC66DB4636AB0A8AA8C /* SharedCore */ = {
			isa = PBXGroup;
			children = (
				09FFF53905D7F95F6C59D64A /* LinoAPIClient.swift */,
				988830AEFB53ACDEFFA4DC03 /* SecureTokenStore.swift */,
				5CBB33142F2B82AABF2BBFC5 /* APIDTOs.swift */,
				112F0BFE6CCABBA4A01723D3 /* APIRequests.swift */,
				F0BD393FA536EA34FD7CEDA2 /* FinanceRepository.swift */,
				749E1D7750E3877EFACCF948 /* Formatters.swift */,
			);
			name = SharedCore;
			sourceTree = "<group>";
		};
		A10000000000000000000004 = {
			isa = PBXGroup;
			children = (
				A10000000000000000000002 /* LinoFinance */,
				A30000000000000000000002 /* LinoFinanceWidgets */,
				A10000000000000000000005 /* Products */,
				275FB34B251E211223E677BF /* LinoFinanceV2 */,
				70B4953FF3A1BF654F46AABC /* LinoFinanceV2Widgets */,
				94E6BAC66DB4636AB0A8AA8C /* SharedCore */,
			);
			sourceTree = "<group>";
		};
		A10000000000000000000005 /* Products */ = {
			isa = PBXGroup;
			children = (
				A10000000000000000000001 /* LinoF.app */,
				A20000000000000000000001 /* LinoF.app */,
				A30000000000000000000001 /* LinoFinanceWidgets.appex */,
				A08B9A715C3881314BD11238 /* LinoF2.app */,
				4AC098380468320F19EB2E2D /* LinoFinanceV2Widgets.appex */,
			);
			name = Products;
			sourceTree = "<group>";
		};
/* End PBXGroup section */

/* Begin PBXNativeTarget section */
		3697A3F2D5753467D05ED0F4 /* LinoFinanceV2 */ = {
			isa = PBXNativeTarget;
			buildConfigurationList = 1341B59DDCD98C8114B0F7C5 /* Build configuration list for PBXNativeTarget "LinoFinanceV2" */;
			buildPhases = (
				4E09955E69A31589865053A9 /* Sources */,
				348DC8E07B018DDC1C0A7C46 /* Frameworks */,
				51FCEC8125133097DAB7B188 /* Resources */,
				FA738163AAF8008CFD43C59C /* Embed App Extensions */,
			);
			buildRules = (
			);
			dependencies = (
				B95F18D71376D88DAA7C1346 /* PBXTargetDependency */,
			);
			fileSystemSynchronizedGroups = (
				275FB34B251E211223E677BF /* LinoFinanceV2 */,
			);
			name = LinoFinanceV2;
			productName = LinoF2;
			productReference = A08B9A715C3881314BD11238 /* LinoF2.app */;
			productType = "com.apple.product-type.application";
		};
		3DECA756E79E93B0B98A07A7 /* LinoFinanceV2Widgets */ = {
			isa = PBXNativeTarget;
			buildConfigurationList = 11CCE6B779EDC1388DFB3311 /* Build configuration list for PBXNativeTarget "LinoFinanceV2Widgets" */;
			buildPhases = (
				A4A42CE7165E2AAF4CE902A5 /* Sources */,
				AC2844E40ABC0E591F9F424A /* Frameworks */,
				D897923C4608AC13CA9F168B /* Resources */,
			);
			buildRules = (
			);
			dependencies = (
			);
			fileSystemSynchronizedGroups = (
				70B4953FF3A1BF654F46AABC /* LinoFinanceV2Widgets */,
			);
			name = LinoFinanceV2Widgets;
			productName = LinoFinanceV2Widgets;
			productReference = 4AC098380468320F19EB2E2D /* LinoFinanceV2Widgets.appex */;
			productType = "com.apple.product-type.app-extension";
		};
		A10000000000000000000006 /* LinoFinance */ = {
			isa = PBXNativeTarget;
			buildConfigurationList = A10000000000000000000013 /* Build configuration list for PBXNativeTarget "LinoFinance" */;
			buildPhases = (
				A10000000000000000000007 /* Sources */,
				A10000000000000000000003 /* Frameworks */,
				A10000000000000000000008 /* Resources */,
			);
			buildRules = (
			);
			dependencies = (
			);
			fileSystemSynchronizedGroups = (
				A10000000000000000000002 /* LinoFinance */,
			);
			name = LinoFinance;
			productName = LinoF;
			productReference = A10000000000000000000001 /* LinoF.app */;
			productType = "com.apple.product-type.application";
		};
		A20000000000000000000006 /* LinoFinanceiOS */ = {
			isa = PBXNativeTarget;
			buildConfigurationList = A20000000000000000000013 /* Build configuration list for PBXNativeTarget "LinoFinanceiOS" */;
			buildPhases = (
				A20000000000000000000007 /* Sources */,
				A20000000000000000000003 /* Frameworks */,
				A20000000000000000000008 /* Resources */,
				A20000000000000000000009 /* Embed App Extensions */,
			);
			buildRules = (
			);
			dependencies = (
				A20000000000000000000010 /* PBXTargetDependency */,
			);
			fileSystemSynchronizedGroups = (
				A10000000000000000000002 /* LinoFinance */,
			);
			name = LinoFinanceiOS;
			productName = LinoF;
			productReference = A20000000000000000000001 /* LinoF.app */;
			productType = "com.apple.product-type.application";
		};
		A30000000000000000000006 /* LinoFinanceWidgets */ = {
			isa = PBXNativeTarget;
			buildConfigurationList = A30000000000000000000013 /* Build configuration list for PBXNativeTarget "LinoFinanceWidgets" */;
			buildPhases = (
				A30000000000000000000007 /* Sources */,
				A30000000000000000000003 /* Frameworks */,
				A30000000000000000000008 /* Resources */,
			);
			buildRules = (
			);
			dependencies = (
			);
			fileSystemSynchronizedGroups = (
				A30000000000000000000002 /* LinoFinanceWidgets */,
			);
			name = LinoFinanceWidgets;
			productName = LinoFinanceWidgets;
			productReference = A30000000000000000000001 /* LinoFinanceWidgets.appex */;
			productType = "com.apple.product-type.app-extension";
		};
/* End PBXNativeTarget section */

/* Begin PBXProject section */
		A10000000000000000000009 /* Project object */ = {
			isa = PBXProject;
			attributes = {
				BuildIndependentTargetsInParallel = 1;
				LastSwiftUpdateCheck = 2640;
				LastUpgradeCheck = 2640;
				TargetAttributes = {
					3697A3F2D5753467D05ED0F4 = {
						CreatedOnToolsVersion = 26.5;
					};
					3DECA756E79E93B0B98A07A7 = {
						CreatedOnToolsVersion = 26.5;
					};
					A10000000000000000000006 = {
						CreatedOnToolsVersion = 26.4.1;
					};
					A20000000000000000000006 = {
						CreatedOnToolsVersion = 26.4.1;
					};
					A30000000000000000000006 = {
						CreatedOnToolsVersion = 26.4.1;
					};
				};
			};
			buildConfigurationList = A10000000000000000000012 /* Build configuration list for PBXProject "LinoFinance" */;
			developmentRegion = en;
			hasScannedForEncodings = 0;
			knownRegions = (
				en,
				"zh-Hans",
				Base,
			);
			mainGroup = A10000000000000000000004;
			minimizedProjectReferenceProxies = 1;
			preferredProjectObjectVersion = 77;
			productRefGroup = A10000000000000000000005 /* Products */;
			projectDirPath = "";
			projectRoot = "";
			targets = (
				A10000000000000000000006 /* LinoFinance */,
				A20000000000000000000006 /* LinoFinanceiOS */,
				A30000000000000000000006 /* LinoFinanceWidgets */,
				3697A3F2D5753467D05ED0F4 /* LinoFinanceV2 */,
				3DECA756E79E93B0B98A07A7 /* LinoFinanceV2Widgets */,
			);
		};
/* End PBXProject section */

/* Begin PBXResourcesBuildPhase section */
		51FCEC8125133097DAB7B188 /* Resources */ = {
			isa = PBXResourcesBuildPhase;
			buildActionMask = 2147483647;
			files = (
			);
			runOnlyForDeploymentPostprocessing = 0;
		};
		A10000000000000000000008 /* Resources */ = {
			isa = PBXResourcesBuildPhase;
			buildActionMask = 2147483647;
			files = (
			);
			runOnlyForDeploymentPostprocessing = 0;
		};
		A20000000000000000000008 /* Resources */ = {
			isa = PBXResourcesBuildPhase;
			buildActionMask = 2147483647;
			files = (
			);
			runOnlyForDeploymentPostprocessing = 0;
		};
		A30000000000000000000008 /* Resources */ = {
			isa = PBXResourcesBuildPhase;
			buildActionMask = 2147483647;
			files = (
			);
			runOnlyForDeploymentPostprocessing = 0;
		};
		D897923C4608AC13CA9F168B /* Resources */ = {
			isa = PBXResourcesBuildPhase;
			buildActionMask = 2147483647;
			files = (
			);
			runOnlyForDeploymentPostprocessing = 0;
		};
/* End PBXResourcesBuildPhase section */

/* Begin PBXSourcesBuildPhase section */
		4E09955E69A31589865053A9 /* Sources */ = {
			isa = PBXSourcesBuildPhase;
			buildActionMask = 2147483647;
			files = (
				C865D7B5B7B28A5C3E437778 /* LinoAPIClient.swift in Sources */,
				006EE82203EA20BFD766AED4 /* SecureTokenStore.swift in Sources */,
				DA0BB764578E4E966BE74CE0 /* APIDTOs.swift in Sources */,
				9A3806DAA61BD371BB5FE0F1 /* APIRequests.swift in Sources */,
				71609AF8A3EDE8666E187AC5 /* FinanceRepository.swift in Sources */,
				540C6547DE3CF47347AA1C9A /* Formatters.swift in Sources */,
			);
			runOnlyForDeploymentPostprocessing = 0;
		};
		A10000000000000000000007 /* Sources */ = {
			isa = PBXSourcesBuildPhase;
			buildActionMask = 2147483647;
			files = (
			);
			runOnlyForDeploymentPostprocessing = 0;
		};
		A20000000000000000000007 /* Sources */ = {
			isa = PBXSourcesBuildPhase;
			buildActionMask = 2147483647;
			files = (
			);
			runOnlyForDeploymentPostprocessing = 0;
		};
		A30000000000000000000007 /* Sources */ = {
			isa = PBXSourcesBuildPhase;
			buildActionMask = 2147483647;
			files = (
			);
			runOnlyForDeploymentPostprocessing = 0;
		};
		A4A42CE7165E2AAF4CE902A5 /* Sources */ = {
			isa = PBXSourcesBuildPhase;
			buildActionMask = 2147483647;
			files = (
			);
			runOnlyForDeploymentPostprocessing = 0;
		};
/* End PBXSourcesBuildPhase section */

/* Begin PBXTargetDependency section */
		A20000000000000000000010 /* PBXTargetDependency */ = {
			isa = PBXTargetDependency;
			target = A30000000000000000000006 /* LinoFinanceWidgets */;
			targetProxy = A20000000000000000000011 /* PBXContainerItemProxy */;
		};
		B95F18D71376D88DAA7C1346 /* PBXTargetDependency */ = {
			isa = PBXTargetDependency;
			name = LinoFinanceV2Widgets;
			target = 3DECA756E79E93B0B98A07A7 /* LinoFinanceV2Widgets */;
			targetProxy = 9F7805DCD8520204054CA6C5 /* PBXContainerItemProxy */;
		};
/* End PBXTargetDependency section */

/* Begin XCBuildConfiguration section */
		30483982C6911A83A71744B5 /* Debug */ = {
			isa = XCBuildConfiguration;
			buildSettings = {
				APPLICATION_EXTENSION_API_ONLY = YES;
				CODE_SIGN_ENTITLEMENTS = LinoFinanceV2Widgets/LinoFinanceV2Widgets.entitlements;
				CODE_SIGN_STYLE = Automatic;
				CURRENT_PROJECT_VERSION = 2.0.0;
				DEVELOPMENT_TEAM = HX73DFL88G;
				ENABLE_PREVIEWS = YES;
				GENERATE_INFOPLIST_FILE = NO;
				INFOPLIST_FILE = LinoFinanceV2Widgets/Info.plist;
				IPHONEOS_DEPLOYMENT_TARGET = 26.0;
				"LD_RUNPATH_SEARCH_PATHS[sdk=iphoneos*]" = (
					"$(inherited)",
					"@executable_path/Frameworks",
					"@executable_path/../../Frameworks",
				);
				"LD_RUNPATH_SEARCH_PATHS[sdk=iphonesimulator*]" = (
					"$(inherited)",
					"@executable_path/Frameworks",
					"@executable_path/../../Frameworks",
				);
				"LD_RUNPATH_SEARCH_PATHS[sdk=macosx*]" = (
					"$(inherited)",
					"@executable_path/../Frameworks",
					"@executable_path/../../../../Frameworks",
				);
				MACOSX_DEPLOYMENT_TARGET = 26.0;
				MARKETING_VERSION = 2.0.0;
				PRODUCT_BUNDLE_IDENTIFIER = com.lino.linofinance.v2.widgets;
				PRODUCT_NAME = LinoFinanceV2Widgets;
				SDKROOT = auto;
				SKIP_INSTALL = YES;
				SUPPORTED_PLATFORMS = "iphoneos iphonesimulator macosx";
				SUPPORTS_MACCATALYST = NO;
				SUPPORTS_MAC_DESIGNED_FOR_IPHONE_IPAD = NO;
				SWIFT_ACTIVE_COMPILATION_CONDITIONS = DEBUG;
				SWIFT_EMIT_LOC_STRINGS = YES;
				SWIFT_OPTIMIZATION_LEVEL = "-Onone";
				SWIFT_VERSION = 5.0;
				TARGETED_DEVICE_FAMILY = "1,2";
			};
			name = Debug;
		};
		A1000000000000000000000A /* Debug */ = {
			isa = XCBuildConfiguration;
			buildSettings = {
				ALWAYS_SEARCH_USER_PATHS = NO;
				ASSETCATALOG_COMPILER_GENERATE_SWIFT_ASSET_SYMBOL_EXTENSIONS = YES;
				CLANG_ANALYZER_NONNULL = YES;
				CLANG_ANALYZER_NUMBER_OBJECT_CONVERSION = YES_AGGRESSIVE;
				CLANG_CXX_LANGUAGE_STANDARD = "gnu++20";
				CLANG_ENABLE_MODULES = YES;
				CLANG_ENABLE_OBJC_ARC = YES;
				CLANG_ENABLE_OBJC_WEAK = YES;
				CLANG_WARN_BLOCK_CAPTURE_AUTORELEASING = YES;
				CLANG_WARN_BOOL_CONVERSION = YES;
				CLANG_WARN_COMMA = YES;
				CLANG_WARN_CONSTANT_CONVERSION = YES;
				CLANG_WARN_DEPRECATED_OBJC_IMPLEMENTATIONS = YES;
				CLANG_WARN_DIRECT_OBJC_ISA_USAGE = YES_ERROR;
				CLANG_WARN_DOCUMENTATION_COMMENTS = YES;
				CLANG_WARN_EMPTY_BODY = YES;
				CLANG_WARN_ENUM_CONVERSION = YES;
				CLANG_WARN_INFINITE_RECURSION = YES;
				CLANG_WARN_INT_CONVERSION = YES;
				CLANG_WARN_NON_LITERAL_NULL_CONVERSION = YES;
				CLANG_WARN_OBJC_IMPLICIT_RETAIN_SELF = YES;
				CLANG_WARN_OBJC_LITERAL_CONVERSION = YES;
				CLANG_WARN_OBJC_ROOT_CLASS = YES_ERROR;
				CLANG_WARN_QUOTED_INCLUDE_IN_FRAMEWORK_HEADER = YES;
				CLANG_WARN_RANGE_LOOP_ANALYSIS = YES;
				CLANG_WARN_STRICT_PROTOTYPES = YES;
				CLANG_WARN_SUSPICIOUS_MOVE = YES;
				CLANG_WARN_UNGUARDED_AVAILABILITY = YES_AGGRESSIVE;
				CLANG_WARN_UNREACHABLE_CODE = YES;
				CLANG_WARN__DUPLICATE_METHOD_MATCH = YES;
				COPY_PHASE_STRIP = NO;
				DEBUG_INFORMATION_FORMAT = dwarf;
				ENABLE_STRICT_OBJC_MSGSEND = YES;
				ENABLE_TESTABILITY = YES;
				ENABLE_USER_SCRIPT_SANDBOXING = YES;
				GCC_C_LANGUAGE_STANDARD = gnu17;
				GCC_DYNAMIC_NO_PIC = NO;
				GCC_NO_COMMON_BLOCKS = YES;
				GCC_OPTIMIZATION_LEVEL = 0;
				GCC_PREPROCESSOR_DEFINITIONS = (
					"DEBUG=1",
					"$(inherited)",
				);
				GCC_WARN_64_TO_32_BIT_CONVERSION = YES;
				GCC_WARN_ABOUT_RETURN_TYPE = YES_ERROR;
				GCC_WARN_UNDECLARED_SELECTOR = YES;
				GCC_WARN_UNINITIALIZED_AUTOS = YES_AGGRESSIVE;
				GCC_WARN_UNUSED_FUNCTION = YES;
				GCC_WARN_UNUSED_VARIABLE = YES;
				LOCALIZATION_PREFERS_STRING_CATALOGS = YES;
				MACOSX_DEPLOYMENT_TARGET = 15.0;
				MTL_ENABLE_DEBUG_INFO = INCLUDE_SOURCE;
				MTL_FAST_MATH = YES;
				ONLY_ACTIVE_ARCH = YES;
				SDKROOT = macosx;
				SUPPORTED_PLATFORMS = macosx;
				SWIFT_ACTIVE_COMPILATION_CONDITIONS = "DEBUG $(inherited)";
				SWIFT_OPTIMIZATION_LEVEL = "-Onone";
			};
			name = Debug;
		};
		A1000000000000000000000B /* Release */ = {
			isa = XCBuildConfiguration;
			buildSettings = {
				ALWAYS_SEARCH_USER_PATHS = NO;
				ASSETCATALOG_COMPILER_GENERATE_SWIFT_ASSET_SYMBOL_EXTENSIONS = YES;
				CLANG_ANALYZER_NONNULL = YES;
				CLANG_ANALYZER_NUMBER_OBJECT_CONVERSION = YES_AGGRESSIVE;
				CLANG_CXX_LANGUAGE_STANDARD = "gnu++20";
				CLANG_ENABLE_MODULES = YES;
				CLANG_ENABLE_OBJC_ARC = YES;
				CLANG_ENABLE_OBJC_WEAK = YES;
				CLANG_WARN_BLOCK_CAPTURE_AUTORELEASING = YES;
				CLANG_WARN_BOOL_CONVERSION = YES;
				CLANG_WARN_COMMA = YES;
				CLANG_WARN_CONSTANT_CONVERSION = YES;
				CLANG_WARN_DEPRECATED_OBJC_IMPLEMENTATIONS = YES;
				CLANG_WARN_DIRECT_OBJC_ISA_USAGE = YES_ERROR;
				CLANG_WARN_DOCUMENTATION_COMMENTS = YES;
				CLANG_WARN_EMPTY_BODY = YES;
				CLANG_WARN_ENUM_CONVERSION = YES;
				CLANG_WARN_INFINITE_RECURSION = YES;
				CLANG_WARN_INT_CONVERSION = YES;
				CLANG_WARN_NON_LITERAL_NULL_CONVERSION = YES;
				CLANG_WARN_OBJC_IMPLICIT_RETAIN_SELF = YES;
				CLANG_WARN_OBJC_LITERAL_CONVERSION = YES;
				CLANG_WARN_OBJC_ROOT_CLASS = YES_ERROR;
				CLANG_WARN_QUOTED_INCLUDE_IN_FRAMEWORK_HEADER = YES;
				CLANG_WARN_RANGE_LOOP_ANALYSIS = YES;
				CLANG_WARN_STRICT_PROTOTYPES = YES;
				CLANG_WARN_SUSPICIOUS_MOVE = YES;
				CLANG_WARN_UNGUARDED_AVAILABILITY = YES_AGGRESSIVE;
				CLANG_WARN_UNREACHABLE_CODE = YES;
				CLANG_WARN__DUPLICATE_METHOD_MATCH = YES;
				COPY_PHASE_STRIP = NO;
				DEBUG_INFORMATION_FORMAT = "dwarf-with-dsym";
				ENABLE_NS_ASSERTIONS = NO;
				ENABLE_STRICT_OBJC_MSGSEND = YES;
				ENABLE_USER_SCRIPT_SANDBOXING = YES;
				GCC_C_LANGUAGE_STANDARD = gnu17;
				GCC_NO_COMMON_BLOCKS = YES;
				GCC_WARN_64_TO_32_BIT_CONVERSION = YES;
				GCC_WARN_ABOUT_RETURN_TYPE = YES_ERROR;
				GCC_WARN_UNDECLARED_SELECTOR = YES;
				GCC_WARN_UNINITIALIZED_AUTOS = YES_AGGRESSIVE;
				GCC_WARN_UNUSED_FUNCTION = YES;
				GCC_WARN_UNUSED_VARIABLE = YES;
				LOCALIZATION_PREFERS_STRING_CATALOGS = YES;
				MACOSX_DEPLOYMENT_TARGET = 15.0;
				MTL_ENABLE_DEBUG_INFO = NO;
				MTL_FAST_MATH = YES;
				SDKROOT = macosx;
				SUPPORTED_PLATFORMS = macosx;
				SWIFT_COMPILATION_MODE = wholemodule;
				VALIDATE_PRODUCT = YES;
			};
			name = Release;
		};
		A1000000000000000000000C /* Debug */ = {
			isa = XCBuildConfiguration;
			buildSettings = {
				ASSETCATALOG_COMPILER_APPICON_NAME = AppIcon;
				ASSETCATALOG_COMPILER_GLOBAL_ACCENT_COLOR_NAME = AccentColor;
				CODE_SIGNING_ALLOWED = NO;
				CODE_SIGN_IDENTITY = "";
				CODE_SIGN_STYLE = Manual;
				CURRENT_PROJECT_VERSION = 1.4.0;
				ENABLE_HARDENED_RUNTIME = YES;
				ENABLE_PREVIEWS = YES;
				GENERATE_INFOPLIST_FILE = YES;
				INFOPLIST_KEY_CFBundleDisplayName = LinoF;
				INFOPLIST_KEY_CFBundleName = LinoF;
				INFOPLIST_KEY_LSApplicationCategoryType = "public.app-category.finance";
				INFOPLIST_KEY_NSHumanReadableCopyright = "Copyright © 2026 Lino";
				LD_RUNPATH_SEARCH_PATHS = (
					"$(inherited)",
					"@executable_path/../Frameworks",
				);
				MACOSX_DEPLOYMENT_TARGET = 15.0;
				MARKETING_VERSION = 1.4.0;
				PRODUCT_BUNDLE_IDENTIFIER = com.lino.linofinance;
				PRODUCT_NAME = LinoF;
				SDKROOT = macosx;
				SUPPORTED_PLATFORMS = macosx;
				SWIFT_EMIT_LOC_STRINGS = YES;
				SWIFT_VERSION = 5.0;
			};
			name = Debug;
		};
		A1000000000000000000000D /* Release */ = {
			isa = XCBuildConfiguration;
			buildSettings = {
				ASSETCATALOG_COMPILER_APPICON_NAME = AppIcon;
				ASSETCATALOG_COMPILER_GLOBAL_ACCENT_COLOR_NAME = AccentColor;
				CODE_SIGNING_ALLOWED = NO;
				CODE_SIGN_IDENTITY = "";
				CODE_SIGN_STYLE = Manual;
				CURRENT_PROJECT_VERSION = 1.4.0;
				ENABLE_HARDENED_RUNTIME = YES;
				ENABLE_PREVIEWS = YES;
				GENERATE_INFOPLIST_FILE = YES;
				INFOPLIST_KEY_CFBundleDisplayName = LinoF;
				INFOPLIST_KEY_CFBundleName = LinoF;
				INFOPLIST_KEY_LSApplicationCategoryType = "public.app-category.finance";
				INFOPLIST_KEY_NSHumanReadableCopyright = "Copyright © 2026 Lino";
				LD_RUNPATH_SEARCH_PATHS = (
					"$(inherited)",
					"@executable_path/../Frameworks",
				);
				MACOSX_DEPLOYMENT_TARGET = 15.0;
				MARKETING_VERSION = 1.4.0;
				PRODUCT_BUNDLE_IDENTIFIER = com.lino.linofinance;
				PRODUCT_NAME = LinoF;
				SDKROOT = macosx;
				SUPPORTED_PLATFORMS = macosx;
				SWIFT_COMPILATION_MODE = wholemodule;
				SWIFT_EMIT_LOC_STRINGS = YES;
				SWIFT_VERSION = 5.0;
			};
			name = Release;
		};
		A2000000000000000000000C /* Debug */ = {
			isa = XCBuildConfiguration;
			buildSettings = {
				ASSETCATALOG_COMPILER_APPICON_NAME = AppIcon;
				ASSETCATALOG_COMPILER_GLOBAL_ACCENT_COLOR_NAME = AccentColor;
				CODE_SIGN_ENTITLEMENTS = LinoFinance/LinoFinanceiOS.entitlements;
				CODE_SIGN_STYLE = Automatic;
				CURRENT_PROJECT_VERSION = 1.4.0;
				DEVELOPMENT_TEAM = HX73DFL88G;
				ENABLE_PREVIEWS = YES;
				GENERATE_INFOPLIST_FILE = YES;
				INFOPLIST_KEY_CFBundleDisplayName = LinoF;
				INFOPLIST_KEY_CFBundleName = LinoF;
				INFOPLIST_KEY_LSApplicationCategoryType = "public.app-category.finance";
				INFOPLIST_KEY_NSFaceIDUsageDescription = "用于解锁 LinoFinance 的金额显示。";
				INFOPLIST_KEY_NSHumanReadableCopyright = "Copyright © 2026 Lino";
				INFOPLIST_KEY_NSSiriUsageDescription = "用于通过 Siri 和快捷指令快速记账、查询支出和信用卡还款。";
				INFOPLIST_KEY_UIApplicationSceneManifest_Generation = YES;
				INFOPLIST_KEY_UILaunchScreen_Generation = YES;
				INFOPLIST_KEY_UIStatusBarStyle = UIStatusBarStyleDefault;
				INFOPLIST_KEY_UISupportedInterfaceOrientations_iPhone = UIInterfaceOrientationPortrait;
				IPHONEOS_DEPLOYMENT_TARGET = 18.0;
				LD_RUNPATH_SEARCH_PATHS = (
					"$(inherited)",
					"@executable_path/Frameworks",
				);
				MARKETING_VERSION = 1.4.0;
				PRODUCT_BUNDLE_IDENTIFIER = com.lino.linofinance.ios;
				PRODUCT_NAME = LinoF;
				SDKROOT = iphoneos;
				SUPPORTED_PLATFORMS = "iphoneos iphonesimulator";
				SUPPORTS_MACCATALYST = NO;
				SUPPORTS_MAC_DESIGNED_FOR_IPHONE_IPAD = NO;
				SWIFT_EMIT_LOC_STRINGS = YES;
				SWIFT_VERSION = 5.0;
				TARGETED_DEVICE_FAMILY = 1;
			};
			name = Debug;
		};
		A2000000000000000000000D /* Release */ = {
			isa = XCBuildConfiguration;
			buildSettings = {
				ASSETCATALOG_COMPILER_APPICON_NAME = AppIcon;
				ASSETCATALOG_COMPILER_GLOBAL_ACCENT_COLOR_NAME = AccentColor;
				CODE_SIGN_ENTITLEMENTS = LinoFinance/LinoFinanceiOS.entitlements;
				CODE_SIGN_STYLE = Automatic;
				CURRENT_PROJECT_VERSION = 1.4.0;
				DEVELOPMENT_TEAM = HX73DFL88G;
				ENABLE_PREVIEWS = YES;
				GENERATE_INFOPLIST_FILE = YES;
				INFOPLIST_KEY_CFBundleDisplayName = LinoF;
				INFOPLIST_KEY_CFBundleName = LinoF;
				INFOPLIST_KEY_LSApplicationCategoryType = "public.app-category.finance";
				INFOPLIST_KEY_NSFaceIDUsageDescription = "用于解锁 LinoFinance 的金额显示。";
				INFOPLIST_KEY_NSHumanReadableCopyright = "Copyright © 2026 Lino";
				INFOPLIST_KEY_NSSiriUsageDescription = "用于通过 Siri 和快捷指令快速记账、查询支出和信用卡还款。";
				INFOPLIST_KEY_UIApplicationSceneManifest_Generation = YES;
				INFOPLIST_KEY_UILaunchScreen_Generation = YES;
				INFOPLIST_KEY_UIStatusBarStyle = UIStatusBarStyleDefault;
				INFOPLIST_KEY_UISupportedInterfaceOrientations_iPhone = UIInterfaceOrientationPortrait;
				IPHONEOS_DEPLOYMENT_TARGET = 18.0;
				LD_RUNPATH_SEARCH_PATHS = (
					"$(inherited)",
					"@executable_path/Frameworks",
				);
				MARKETING_VERSION = 1.4.0;
				PRODUCT_BUNDLE_IDENTIFIER = com.lino.linofinance.ios;
				PRODUCT_NAME = LinoF;
				SDKROOT = iphoneos;
				SUPPORTED_PLATFORMS = "iphoneos iphonesimulator";
				SUPPORTS_MACCATALYST = NO;
				SUPPORTS_MAC_DESIGNED_FOR_IPHONE_IPAD = NO;
				SWIFT_COMPILATION_MODE = wholemodule;
				SWIFT_EMIT_LOC_STRINGS = YES;
				SWIFT_VERSION = 5.0;
				TARGETED_DEVICE_FAMILY = 1;
			};
			name = Release;
		};
		A3000000000000000000000C /* Debug */ = {
			isa = XCBuildConfiguration;
			buildSettings = {
				APPLICATION_EXTENSION_API_ONLY = YES;
				CODE_SIGN_ENTITLEMENTS = LinoFinanceWidgets/LinoFinanceWidgets.entitlements;
				CODE_SIGN_STYLE = Automatic;
				CURRENT_PROJECT_VERSION = 1.4.0;
				DEVELOPMENT_TEAM = HX73DFL88G;
				ENABLE_PREVIEWS = YES;
				GENERATE_INFOPLIST_FILE = NO;
				INFOPLIST_FILE = LinoFinanceWidgets/Info.plist;
				IPHONEOS_DEPLOYMENT_TARGET = 18.0;
				LD_RUNPATH_SEARCH_PATHS = (
					"$(inherited)",
					"@executable_path/Frameworks",
					"@executable_path/../../Frameworks",
				);
				MARKETING_VERSION = 1.4.0;
				PRODUCT_BUNDLE_IDENTIFIER = com.lino.linofinance.ios.widgets;
				PRODUCT_NAME = LinoFinanceWidgets;
				SDKROOT = iphoneos;
				SKIP_INSTALL = YES;
				SUPPORTED_PLATFORMS = "iphoneos iphonesimulator";
				SUPPORTS_MACCATALYST = NO;
				SUPPORTS_MAC_DESIGNED_FOR_IPHONE_IPAD = NO;
				SWIFT_EMIT_LOC_STRINGS = YES;
				SWIFT_VERSION = 5.0;
				TARGETED_DEVICE_FAMILY = 1;
			};
			name = Debug;
		};
		A3000000000000000000000D /* Release */ = {
			isa = XCBuildConfiguration;
			buildSettings = {
				APPLICATION_EXTENSION_API_ONLY = YES;
				CODE_SIGN_ENTITLEMENTS = LinoFinanceWidgets/LinoFinanceWidgets.entitlements;
				CODE_SIGN_STYLE = Automatic;
				CURRENT_PROJECT_VERSION = 1.4.0;
				DEVELOPMENT_TEAM = HX73DFL88G;
				ENABLE_PREVIEWS = YES;
				GENERATE_INFOPLIST_FILE = NO;
				INFOPLIST_FILE = LinoFinanceWidgets/Info.plist;
				IPHONEOS_DEPLOYMENT_TARGET = 18.0;
				LD_RUNPATH_SEARCH_PATHS = (
					"$(inherited)",
					"@executable_path/Frameworks",
					"@executable_path/../../Frameworks",
				);
				MARKETING_VERSION = 1.4.0;
				PRODUCT_BUNDLE_IDENTIFIER = com.lino.linofinance.ios.widgets;
				PRODUCT_NAME = LinoFinanceWidgets;
				SDKROOT = iphoneos;
				SKIP_INSTALL = YES;
				SUPPORTED_PLATFORMS = "iphoneos iphonesimulator";
				SUPPORTS_MACCATALYST = NO;
				SUPPORTS_MAC_DESIGNED_FOR_IPHONE_IPAD = NO;
				SWIFT_COMPILATION_MODE = wholemodule;
				SWIFT_EMIT_LOC_STRINGS = YES;
				SWIFT_VERSION = 5.0;
				TARGETED_DEVICE_FAMILY = 1;
			};
			name = Release;
		};
		B48D2FB76D9149FE3CC7D316 /* Release */ = {
			isa = XCBuildConfiguration;
			buildSettings = {
				APPLICATION_EXTENSION_API_ONLY = YES;
				CODE_SIGN_ENTITLEMENTS = LinoFinanceV2Widgets/LinoFinanceV2Widgets.entitlements;
				CODE_SIGN_STYLE = Automatic;
				CURRENT_PROJECT_VERSION = 2.0.0;
				DEVELOPMENT_TEAM = HX73DFL88G;
				ENABLE_PREVIEWS = YES;
				GENERATE_INFOPLIST_FILE = NO;
				INFOPLIST_FILE = LinoFinanceV2Widgets/Info.plist;
				IPHONEOS_DEPLOYMENT_TARGET = 26.0;
				"LD_RUNPATH_SEARCH_PATHS[sdk=iphoneos*]" = (
					"$(inherited)",
					"@executable_path/Frameworks",
					"@executable_path/../../Frameworks",
				);
				"LD_RUNPATH_SEARCH_PATHS[sdk=iphonesimulator*]" = (
					"$(inherited)",
					"@executable_path/Frameworks",
					"@executable_path/../../Frameworks",
				);
				"LD_RUNPATH_SEARCH_PATHS[sdk=macosx*]" = (
					"$(inherited)",
					"@executable_path/../Frameworks",
					"@executable_path/../../../../Frameworks",
				);
				MACOSX_DEPLOYMENT_TARGET = 26.0;
				MARKETING_VERSION = 2.0.0;
				PRODUCT_BUNDLE_IDENTIFIER = com.lino.linofinance.v2.widgets;
				PRODUCT_NAME = LinoFinanceV2Widgets;
				SDKROOT = auto;
				SKIP_INSTALL = YES;
				SUPPORTED_PLATFORMS = "iphoneos iphonesimulator macosx";
				SUPPORTS_MACCATALYST = NO;
				SUPPORTS_MAC_DESIGNED_FOR_IPHONE_IPAD = NO;
				SWIFT_COMPILATION_MODE = wholemodule;
				SWIFT_EMIT_LOC_STRINGS = YES;
				SWIFT_VERSION = 5.0;
				TARGETED_DEVICE_FAMILY = "1,2";
			};
			name = Release;
		};
		EE0002BC870F706650DA098A /* Debug */ = {
			isa = XCBuildConfiguration;
			buildSettings = {
				ASSETCATALOG_COMPILER_APPICON_NAME = AppIcon;
				ASSETCATALOG_COMPILER_GLOBAL_ACCENT_COLOR_NAME = AccentColor;
				CODE_SIGN_ENTITLEMENTS = LinoFinanceV2/LinoFinanceV2.entitlements;
				CODE_SIGN_STYLE = Automatic;
				CURRENT_PROJECT_VERSION = 2.0.0;
				DEVELOPMENT_TEAM = HX73DFL88G;
				ENABLE_HARDENED_RUNTIME = YES;
				ENABLE_PREVIEWS = YES;
				GENERATE_INFOPLIST_FILE = YES;
				INFOPLIST_KEY_CFBundleDisplayName = LinoF2;
				INFOPLIST_KEY_CFBundleName = LinoF2;
				INFOPLIST_KEY_LSApplicationCategoryType = "public.app-category.finance";
				INFOPLIST_KEY_NSHumanReadableCopyright = "Copyright © 2026 Lino";
				INFOPLIST_KEY_NSSiriUsageDescription = "用于通过 Siri 和快捷指令快速记账、查询支出和信用卡还款。";
				INFOPLIST_KEY_UIApplicationSceneManifest_Generation = YES;
				INFOPLIST_KEY_UILaunchScreen_Generation = YES;
				INFOPLIST_KEY_UIStatusBarStyle = UIStatusBarStyleDefault;
				INFOPLIST_KEY_UISupportedInterfaceOrientations_iPhone = UIInterfaceOrientationPortrait;
				IPHONEOS_DEPLOYMENT_TARGET = 26.0;
				"LD_RUNPATH_SEARCH_PATHS[sdk=iphoneos*]" = (
					"$(inherited)",
					"@executable_path/Frameworks",
				);
				"LD_RUNPATH_SEARCH_PATHS[sdk=iphonesimulator*]" = (
					"$(inherited)",
					"@executable_path/Frameworks",
				);
				"LD_RUNPATH_SEARCH_PATHS[sdk=macosx*]" = (
					"$(inherited)",
					"@executable_path/../Frameworks",
				);
				MACOSX_DEPLOYMENT_TARGET = 26.0;
				MARKETING_VERSION = 2.0.0;
				PRODUCT_BUNDLE_IDENTIFIER = com.lino.linofinance.v2;
				PRODUCT_NAME = LinoF2;
				SDKROOT = auto;
				SUPPORTED_PLATFORMS = "iphoneos iphonesimulator macosx";
				SUPPORTS_MACCATALYST = NO;
				SUPPORTS_MAC_DESIGNED_FOR_IPHONE_IPAD = NO;
				SWIFT_ACTIVE_COMPILATION_CONDITIONS = DEBUG;
				SWIFT_EMIT_LOC_STRINGS = YES;
				SWIFT_OPTIMIZATION_LEVEL = "-Onone";
				SWIFT_VERSION = 5.0;
				TARGETED_DEVICE_FAMILY = "1,2";
			};
			name = Debug;
		};
		F9676512C95FF15A3A8F1277 /* Release */ = {
			isa = XCBuildConfiguration;
			buildSettings = {
				ASSETCATALOG_COMPILER_APPICON_NAME = AppIcon;
				ASSETCATALOG_COMPILER_GLOBAL_ACCENT_COLOR_NAME = AccentColor;
				CODE_SIGN_ENTITLEMENTS = LinoFinanceV2/LinoFinanceV2.entitlements;
				CODE_SIGN_STYLE = Automatic;
				CURRENT_PROJECT_VERSION = 2.0.0;
				DEVELOPMENT_TEAM = HX73DFL88G;
				ENABLE_HARDENED_RUNTIME = YES;
				ENABLE_PREVIEWS = YES;
				GENERATE_INFOPLIST_FILE = YES;
				INFOPLIST_KEY_CFBundleDisplayName = LinoF2;
				INFOPLIST_KEY_CFBundleName = LinoF2;
				INFOPLIST_KEY_LSApplicationCategoryType = "public.app-category.finance";
				INFOPLIST_KEY_NSHumanReadableCopyright = "Copyright © 2026 Lino";
				INFOPLIST_KEY_NSSiriUsageDescription = "用于通过 Siri 和快捷指令快速记账、查询支出和信用卡还款。";
				INFOPLIST_KEY_UIApplicationSceneManifest_Generation = YES;
				INFOPLIST_KEY_UILaunchScreen_Generation = YES;
				INFOPLIST_KEY_UIStatusBarStyle = UIStatusBarStyleDefault;
				INFOPLIST_KEY_UISupportedInterfaceOrientations_iPhone = UIInterfaceOrientationPortrait;
				IPHONEOS_DEPLOYMENT_TARGET = 26.0;
				"LD_RUNPATH_SEARCH_PATHS[sdk=iphoneos*]" = (
					"$(inherited)",
					"@executable_path/Frameworks",
				);
				"LD_RUNPATH_SEARCH_PATHS[sdk=iphonesimulator*]" = (
					"$(inherited)",
					"@executable_path/Frameworks",
				);
				"LD_RUNPATH_SEARCH_PATHS[sdk=macosx*]" = (
					"$(inherited)",
					"@executable_path/../Frameworks",
				);
				MACOSX_DEPLOYMENT_TARGET = 26.0;
				MARKETING_VERSION = 2.0.0;
				PRODUCT_BUNDLE_IDENTIFIER = com.lino.linofinance.v2;
				PRODUCT_NAME = LinoF2;
				SDKROOT = auto;
				SUPPORTED_PLATFORMS = "iphoneos iphonesimulator macosx";
				SUPPORTS_MACCATALYST = NO;
				SUPPORTS_MAC_DESIGNED_FOR_IPHONE_IPAD = NO;
				SWIFT_COMPILATION_MODE = wholemodule;
				SWIFT_EMIT_LOC_STRINGS = YES;
				SWIFT_VERSION = 5.0;
				TARGETED_DEVICE_FAMILY = "1,2";
			};
			name = Release;
		};
/* End XCBuildConfiguration section */

/* Begin XCConfigurationList section */
		11CCE6B779EDC1388DFB3311 /* Build configuration list for PBXNativeTarget "LinoFinanceV2Widgets" */ = {
			isa = XCConfigurationList;
			buildConfigurations = (
				30483982C6911A83A71744B5 /* Debug */,
				B48D2FB76D9149FE3CC7D316 /* Release */,
			);
			defaultConfigurationIsVisible = 0;
			defaultConfigurationName = Release;
		};
		1341B59DDCD98C8114B0F7C5 /* Build configuration list for PBXNativeTarget "LinoFinanceV2" */ = {
			isa = XCConfigurationList;
			buildConfigurations = (
				EE0002BC870F706650DA098A /* Debug */,
				F9676512C95FF15A3A8F1277 /* Release */,
			);
			defaultConfigurationIsVisible = 0;
			defaultConfigurationName = Release;
		};
		A10000000000000000000012 /* Build configuration list for PBXProject "LinoFinance" */ = {
			isa = XCConfigurationList;
			buildConfigurations = (
				A1000000000000000000000A /* Debug */,
				A1000000000000000000000B /* Release */,
			);
			defaultConfigurationIsVisible = 0;
			defaultConfigurationName = Release;
		};
		A10000000000000000000013 /* Build configuration list for PBXNativeTarget "LinoFinance" */ = {
			isa = XCConfigurationList;
			buildConfigurations = (
				A1000000000000000000000C /* Debug */,
				A1000000000000000000000D /* Release */,
			);
			defaultConfigurationIsVisible = 0;
			defaultConfigurationName = Release;
		};
		A20000000000000000000013 /* Build configuration list for PBXNativeTarget "LinoFinanceiOS" */ = {
			isa = XCConfigurationList;
			buildConfigurations = (
				A2000000000000000000000C /* Debug */,
				A2000000000000000000000D /* Release */,
			);
			defaultConfigurationIsVisible = 0;
			defaultConfigurationName = Release;
		};
		A30000000000000000000013 /* Build configuration list for PBXNativeTarget "LinoFinanceWidgets" */ = {
			isa = XCConfigurationList;
			buildConfigurations = (
				A3000000000000000000000C /* Debug */,
				A3000000000000000000000D /* Release */,
			);
			defaultConfigurationIsVisible = 0;
			defaultConfigurationName = Release;
		};
/* End XCConfigurationList section */
	};
	rootObject = A10000000000000000000009 /* Project object */;
}
